
Microsoft Visual Studio Solution File, Format Version 12.00
# Visual Studio Version 16
VisualStudioVersion = 16.0.30413.136
MinimumVisualStudioVersion = 10.0.40219.1
Project("{8BC9CEB8-8B4A-11D0-8D11-00A0C91BC942}") = "groot", "groot\groot.vcxproj", "{76CE6166-E2BC-41B7-B618-9ADE7D94DBE8}"
EndProject
Project("{8BC9CEB8-8B4A-11D0-8D11-00A0C91BC942}") = "fold", "fold\fold.vcxproj", "{9BE0F69A-CC64-4E61-B56C-8F0F1CE16E17}"
EndProject
Project("{8BC9CEB8-8B4A-11D0-8D11-00A0C91BC942}") = "optimus_prime", "optimus_prime\optimus_prime.vcxproj", "{CE2924F1-58E4-4DFE-A131-7D75F3A3E474}"
EndProject
Project("{8BC9CEB8-8B4A-11D0-8D11-00A0C91BC942}") = "bumblebee", "bumblebee\bumblebee.vcxproj", "{423627CF-4F84-408F-8C6B-E61E3828D6DA}"
EndProject
Global
	GlobalSection(SolutionConfigurationPlatforms) = preSolution
		Debug|x64 = Debug|x64
		Debug|x86 = Debug|x86
		Release|x64 = Release|x64
		Release|x86 = Release|x86
	EndGlobalSection
	GlobalSection(ProjectConfigurationPlatforms) = postSolution
		{76CE6166-E2BC-41B7-B618-9ADE7D94DBE8}.Debug|x64.ActiveCfg = Debug|x64
		{76CE6166-E2BC-41B7-B618-9ADE7D94DBE8}.Debug|x64.Build.0 = Debug|x64
		{76CE6166-E2BC-41B7-B618-9ADE7D94DBE8}.Debug|x86.ActiveCfg = Debug|Win32
		{76CE6166-E2BC-41B7-B618-9ADE7D94DBE8}.Debug|x86.Build.0 = Debug|Win32
		{76CE6166-E2BC-41B7-B618-9ADE7D94DBE8}.Release|x64.ActiveCfg = Release|x64
		{76CE6166-E2BC-41B7-B618-9ADE7D94DBE8}.Release|x64.Build.0 = Release|x64
		{76CE6166-E2BC-41B7-B618-9ADE7D94DBE8}.Release|x86.ActiveCfg = Release|Win32
		{76CE6166-E2BC-41B7-B618-9ADE7D94DBE8}.Release|x86.Build.0 = Release|Win32
		{9BE0F69A-CC64-4E61-B56C-8F0F1CE16E17}.Debug|x64.ActiveCfg = Debug|x64
		{9BE0F69A-CC64-4E61-B56C-8F0F1CE16E17}.Debug|x64.Build.0 = Debug|x64
		{9BE0F69A-CC64-4E61-B56C-8F0F1CE16E17}.Debug|x86.ActiveCfg = Debug|Win32
		{9BE0F69A-CC64-4E61-B56C-8F0F1CE16E17}.Debug|x86.Build.0 = Debug|Win32
		{9BE0F69A-CC64-4E61-B56C-8F0F1CE16E17}.Release|x64.ActiveCfg = Release|x64
		{9BE0F69A-CC64-4E61-B56C-8F0F1CE16E17}.Release|x64.Build.0 = Release|x64
		{9BE0F69A-CC64-4E61-B56C-8F0F1CE16E17}.Release|x86.ActiveCfg = Release|Win32
		{9BE0F69A-CC64-4E61-B56C-8F0F1CE16E17}.Release|x86.Build.0 = Release|Win32
		{CE2924F1-58E4-4DFE-A131-7D75F3A3E474}.Debug|x64.ActiveCfg = Debug|x64
		{CE2924F1-58E4-4DFE-A131-7D75F3A3E474}.Debug|x64.Build.0 = Debug|x64
		{CE2924F1-58E4-4DFE-A131-7D75F3A3E474}.Debug|x86.ActiveCfg = Debug|Win32
		{CE2924F1-58E4-4DFE-A131-7D75F3A3E474}.Debug|x86.Build.0 = Debug|Win32
		{CE2924F1-58E4-4DFE-A131-7D75F3A3E474}.Release|x64.ActiveCfg = Release|x64
		{CE2924F1-58E4-4DFE-A131-7D75F3A3E474}.Release|x64.Build.0 = Release|x64
		{CE2924F1-58E4-4DFE-A131-7D75F3A3E474}.Release|x86.ActiveCfg = Release|Win32
		{CE2924F1-58E4-4DFE-A131-7D75F3A3E474}.Release|x86.Build.0 = Release|Win32
		{423627CF-4F84-408F-8C6B-E61E3828D6DA}.Debug|x64.ActiveCfg = Debug|x64
		{423627CF-4F84-408F-8C6B-E61E3828D6DA}.Debug|x64.Build.0 = Debug|x64
		{423627CF-4F84-408F-8C6B-E61E3828D6DA}.Debug|x86.ActiveCfg = Debug|Win32
		{423627CF-4F84-408F-8C6B-E61E3828D6DA}.Debug|x86.Build.0 = Debug|Win32
		{423627CF-4F84-408F-8C6B-E61E3828D6DA}.Release|x64.ActiveCfg = Release|x64
		{423627CF-4F84-408F-8C6B-E61E3828D6DA}.Release|x64.Build.0 = Release|x64
		{423627CF-4F84-408F-8C6B-E61E3828D6DA}.Release|x86.ActiveCfg = Release|Win32
		{423627CF-4F84-408F-8C6B-E61E3828D6DA}.Release|x86.Build.0 = Release|Win32
	EndGlobalSection
	GlobalSection(SolutionProperties) = preSolution
		HideSolutionNode = FALSE
	EndGlobalSection
	GlobalSection(ExtensibilityGlobals) = postSolution
		SolutionGuid = {1717EAE5-A283-4ADA-9662-09743B6C6251}
	EndGlobalSection
EndGlobal
